
Microsoft Visual Studio Solution File, Format Version 12.00
# Visual Studio 2013
VisualStudioVersion = 12.0.30501.0
MinimumVisualStudioVersion = 10.0.40219.1
Project("{F2A71F9B-5D33-465A-A702-920D77279786}") = "FlippingGit", "FlippingGit\FlippingGit.fsproj", "{232CA104-1CF7-4547-B856-6BBFAD2890F9}"
EndProject
Project("{F2A71F9B-5D33-465A-A702-920D77279786}") = "FlippingGit.Tests", "FlippingGit.Tests\FlippingGit.Tests.fsproj", "{3285A857-D258-4F86-A383-143DD029C329}"
EndProject
Project("{2150E333-8FDC-42A3-9474-1A3956D46DE8}") = "Solution Items", "Solution Items", "{6B7BF437-741F-400F-8B82-87B8E939EAC4}"
	ProjectSection(SolutionItems) = preProject
		README.md = README.md
	EndProjectSection
EndProject
Global
	GlobalSection(SolutionConfigurationPlatforms) = preSolution
		Debug|Any CPU = Debug|Any CPU
		Release|Any CPU = Release|Any CPU
	EndGlobalSection
	GlobalSection(ProjectConfigurationPlatforms) = postSolution
		{232CA104-1CF7-4547-B856-6BBFAD2890F9}.Debug|Any CPU.ActiveCfg = Debug|Any CPU
		{232CA104-1CF7-4547-B856-6BBFAD2890F9}.Debug|Any CPU.Build.0 = Debug|Any CPU
		{232CA104-1CF7-4547-B856-6BBFAD2890F9}.Release|Any CPU.ActiveCfg = Release|Any CPU
		{232CA104-1CF7-4547-B856-6BBFAD2890F9}.Release|Any CPU.Build.0 = Release|Any CPU
		{3285A857-D258-4F86-A383-143DD029C329}.Debug|Any CPU.ActiveCfg = Debug|Any CPU
		{3285A857-D258-4F86-A383-143DD029C329}.Debug|Any CPU.Build.0 = Debug|Any CPU
		{3285A857-D258-4F86-A383-143DD029C329}.Release|Any CPU.ActiveCfg = Release|Any CPU
		{3285A857-D258-4F86-A383-143DD029C329}.Release|Any CPU.Build.0 = Release|Any CPU
	EndGlobalSection
	GlobalSection(SolutionProperties) = preSolution
		HideSolutionNode = FALSE
	EndGlobalSection
EndGlobal
